
Microsoft Visual Studio Solution File, Format Version 12.00
# Visual Studio Version 17
VisualStudioVersion = 17.9.34622.214
MinimumVisualStudioVersion = 10.0.40219.1
Project("{FAE04EC0-301F-11D3-BF4B-00C04F79EFBC}") = "DTO", "DTO\DTO.csproj", "{91075A5F-DAF0-4D5A-89C2-EF9CBB8DC792}"
EndProject
Project("{FAE04EC0-301F-11D3-BF4B-00C04F79EFBC}") = "BUS", "BUS\BUS.csproj", "{F4C49B4E-CDA6-414A-B412-5A9A4FAE5737}"
EndProject
Project("{FAE04EC0-301F-11D3-BF4B-00C04F79EFBC}") = "DAO", "DAO\DAO.csproj", "{E2AD5BFD-4F40-414C-8B76-276FCA6EFCA5}"
EndProject
Project("{FAE04EC0-301F-11D3-BF4B-00C04F79EFBC}") = "GUI_APP_QLThuVien", "GUI_APP_QLThuVien\GUI_APP_QLThuVien.csproj", "{07B57274-2A4E-4D4F-86CB-F894B9E915AA}"
EndProject
Global
	GlobalSection(SolutionConfigurationPlatforms) = preSolution
		Debug|Any CPU = Debug|Any CPU
		Release|Any CPU = Release|Any CPU
	EndGlobalSection
	GlobalSection(ProjectConfigurationPlatforms) = postSolution
		{91075A5F-DAF0-4D5A-89C2-EF9CBB8DC792}.Debug|Any CPU.ActiveCfg = Debug|Any CPU
		{91075A5F-DAF0-4D5A-89C2-EF9CBB8DC792}.Debug|Any CPU.Build.0 = Debug|Any CPU
		{91075A5F-DAF0-4D5A-89C2-EF9CBB8DC792}.Release|Any CPU.ActiveCfg = Release|Any CPU
		{91075A5F-DAF0-4D5A-89C2-EF9CBB8DC792}.Release|Any CPU.Build.0 = Release|Any CPU
		{F4C49B4E-CDA6-414A-B412-5A9A4FAE5737}.Debug|Any CPU.ActiveCfg = Debug|Any CPU
		{F4C49B4E-CDA6-414A-B412-5A9A4FAE5737}.Debug|Any CPU.Build.0 = Debug|Any CPU
		{F4C49B4E-CDA6-414A-B412-5A9A4FAE5737}.Release|Any CPU.ActiveCfg = Release|Any CPU
		{F4C49B4E-CDA6-414A-B412-5A9A4FAE5737}.Release|Any CPU.Build.0 = Release|Any CPU
		{E2AD5BFD-4F40-414C-8B76-276FCA6EFCA5}.Debug|Any CPU.ActiveCfg = Debug|Any CPU
		{E2AD5BFD-4F40-414C-8B76-276FCA6EFCA5}.Debug|Any CPU.Build.0 = Debug|Any CPU
		{E2AD5BFD-4F40-414C-8B76-276FCA6EFCA5}.Release|Any CPU.ActiveCfg = Release|Any CPU
		{E2AD5BFD-4F40-414C-8B76-276FCA6EFCA5}.Release|Any CPU.Build.0 = Release|Any CPU
		{07B57274-2A4E-4D4F-86CB-F894B9E915AA}.Debug|Any CPU.ActiveCfg = Debug|Any CPU
		{07B57274-2A4E-4D4F-86CB-F894B9E915AA}.Debug|Any CPU.Build.0 = Debug|Any CPU
		{07B57274-2A4E-4D4F-86CB-F894B9E915AA}.Release|Any CPU.ActiveCfg = Release|Any CPU
		{07B57274-2A4E-4D4F-86CB-F894B9E915AA}.Release|Any CPU.Build.0 = Release|Any CPU
	EndGlobalSection
	GlobalSection(SolutionProperties) = preSolution
		HideSolutionNode = FALSE
	EndGlobalSection
	GlobalSection(ExtensibilityGlobals) = postSolution
		SolutionGuid = {D56194FB-3516-410E-A64D-6A4EA46E725D}
	EndGlobalSection
EndGlobal
